<?xml version="1.0" encoding="utf-8"?>
<Project ToolsVersion="4.0" xmlns="http://schemas.microsoft.com/developer/msbuild/2003">
  <ItemGroup>
    <Filter Include="Source Files">
      <UniqueIdentifier>{4FC737F1-C7A5-4376-A066-2A32D752A2FF}</UniqueIdentifier>
      <Extensions>cpp;c;cc;cxx;c++;cppm;ixx;def;odl;idl;hpj;bat;asm;asmx</Extensions>
    </Filter>
    <Filter Include="Header Files">
      <UniqueIdentifier>{93995380-89BD-4b04-88EB-625FBE52EBFB}</UniqueIdentifier>
      <Extensions>h;hh;hpp;hxx;h++;hm;inl;inc;ipp;xsd</Extensions>
    </Filter>
    <Filter Include="Resource Files">
      <UniqueIdentifier>{67DA6AB6-F800-4c08-8B7A-83BB121AAD01}</UniqueIdentifier>
      <Extensions>rc;ico;cur;bmp;dlg;rc2;rct;bin;rgs;gif;jpg;jpeg;jpe;resx;tiff;tif;png;wav;mfcribbon-ms</Extensions>
    </Filter>
    <Filter Include="Header Files\Input">
      <UniqueIdentifier>{ff9bf418-ed3e-4850-8135-4862d64ac8de}</UniqueIdentifier>
    </Filter>
    <Filter Include="Header Files\Screen">
      <UniqueIdentifier>{99470ca2-0acf-4db8-bd9c-5da9654abee5}</UniqueIdentifier>
    </Filter>
    <Filter Include="Header Files\Utilities">
      <UniqueIdentifier>{9dafde56-f3f2-461a-afa6-039fa47f274f}</UniqueIdentifier>
    </Filter>
    <Filter Include="Header Files\Engine">
      <UniqueIdentifier>{a6836705-b052-49b0-98af-f67045de9e01}</UniqueIdentifier>
    </Filter>
    <Filter Include="Header Files\Screen\Windows">
      <UniqueIdentifier>{d9de5afd-ec06-4030-9a25-90bea8ac2791}</UniqueIdentifier>
    </Filter>
  </ItemGroup>
  <ItemGroup>
    <ClInclude Include="Button.h">
      <Filter>Header Files\Input</Filter>
    </ClInclude>
    <ClInclude Include="Character.h">
      <Filter>Header Files\Screen</Filter>
    </ClInclude>
    <ClInclude Include="Clock.h">
      <Filter>Header Files\Engine</Filter>
    </ClInclude>
    <ClInclude Include="CollidableObject.h">
      <Filter>Header Files\Engine</Filter>
    </ClInclude>
    <ClInclude Include="Game.h">
      <Filter>Header Files\Engine</Filter>
    </ClInclude>
    <ClInclude Include="Keyboard.h">
      <Filter>Header Files\Input</Filter>
    </ClInclude>
    <ClInclude Include="KeyboardFactory.h">
      <Filter>Header Files\Input</Filter>
    </ClInclude>
    <ClInclude Include="Matrix2D.h">
      <Filter>Header Files\Utilities</Filter>
    </ClInclude>
    <ClInclude Include="PlatformIdentifier.h">
      <Filter>Header Files\Utilities</Filter>
    </ClInclude>
    <ClInclude Include="Screen.h">
      <Filter>Header Files\Screen</Filter>
    </ClInclude>
    <ClInclude Include="ScreenFactory.h">
      <Filter>Header Files\Screen</Filter>
    </ClInclude>
    <ClInclude Include="ScreenObject.h">
      <Filter>Header Files\Screen</Filter>
    </ClInclude>
    <ClInclude Include="Surface.h">
      <Filter>Header Files\Screen</Filter>
    </ClInclude>
    <ClInclude Include="TextObject.h">
      <Filter>Header Files\Screen</Filter>
    </ClInclude>
    <ClInclude Include="VirtualKeys.h">
      <Filter>Header Files\Input</Filter>
    </ClInclude>
    <ClInclude Include="WindowsCMDScreen.h">
      <Filter>Header Files\Screen\Windows</Filter>
    </ClInclude>
    <ClInclude Include="WindowsCharacter.h">
      <Filter>Header Files\Screen\Windows</Filter>
    </ClInclude>
    <ClInclude Include="WindowsKeyboard.h">
      <Filter>Header Files\Input</Filter>
    </ClInclude>
  </ItemGroup>
</Project>